schema: '2.0'
stages:
  features:
    cmd: python features.py
    deps:
    - path: features.py
      md5: 59dd867de6bb4caa89d1d008fe186eb0
      size: 7165
    outs:
    - path: features/
      md5: 60eeb3b846b711ac3209e60e58cedb7b.dir
      size: 243285344
      nfiles: 4
  train_pv:
    cmd: python train.py --num-samples 20 --obs-type photovoltaique --max-concurrent-trials
      10
    deps:
    - path: features/photovoltaique.hdf
      md5: 29824e0dbb36289b1fa7f35d91abedf3
      size: 60176232
    - path: train.py
      md5: 12f27109a41969e0782e6c9ed6e515be
      size: 7856
    outs:
    - path: metrics/photovoltaique/metrics.json
      md5: b27ce1e047987712f4e542e34bf5edd2
      size: 39
    - path: ray/photovoltaique
      md5: ba820916e58d3dde7c3f390efb2b06bf.dir
      size: 60417583
      nfiles: 324
  train_conso:
    cmd: python train.py --num-samples 20 --obs-type consommation --max-concurrent-trials
      10
    deps:
    - path: features/consommation.hdf
      md5: 40bcefffc15ccde9bc1fc41c3c109bde
      size: 61466440
    - path: train.py
      md5: 12f27109a41969e0782e6c9ed6e515be
      size: 7856
    outs:
    - path: metrics/consommation/metrics.json
      md5: 4954e82276a9739e4b16dc9e59eab4d4
      size: 39
    - path: ray/consommation
      md5: 7776ad81f91c5571d115a546a5a5ff01.dir
      size: 61497706
      nfiles: 303
  train_eol:
    cmd: python train.py --num-samples 20 --obs-type eolien --max-concurrent-trials
      10
    deps:
    - path: features/eolien.hdf
      md5: 52371d5c39198814adada96ede634797
      size: 60176232
    - path: train.py
      md5: 12f27109a41969e0782e6c9ed6e515be
      size: 7856
    outs:
    - path: metrics/eolien/metrics.json
      md5: fe45ea01dd4688434ff57959101730bb
      size: 38
    - path: ray/eolien
      md5: 8d6a3540ecbe80fce681dbe3a135a84e.dir
      size: 60307623
      nfiles: 306
  train_conso_res:
    cmd: python train.py --num-samples 20 --obs-type consommation_residuelle --max-concurrent-trials
      10
    deps:
    - path: features/consommation_residuelle.hdf
      md5: b6c71c7f7092f5469aa26c00faa9e631
      size: 61466440
    - path: train.py
      md5: 12f27109a41969e0782e6c9ed6e515be
      size: 7856
    outs:
    - path: metrics/consommation_residuelle/metrics.json
      md5: 0fc7d601bc44734e6410b5df8132adfb
      size: 40
    - path: ray/consommation_residuelle
      md5: 402b47468590e07fa4397f2ff44f14c6.dir
      size: 61481097
      nfiles: 300
  write_submission:
    cmd: python submit.py
    deps:
    - path: ray/
      md5: 0007635fea431cfa6e3eb7ac7d95fd8f.dir
      size: 243704072
      nfiles: 1234
    outs:
    - path: submissions/
      md5: 2d1e321fa730f372f8c9013ada7be111.dir
      size: 279432402
      nfiles: 1
